
Microsoft Visual Studio Solution File, Format Version 12.00
# Visual Studio Version 16
VisualStudioVersion = 16.0.29230.47
MinimumVisualStudioVersion = 10.0.40219.1
Project("{FAE04EC0-301F-11D3-BF4B-00C04F79EFBC}") = "HomeWork2_Task1", "HomeWork2_Task1\HomeWork2_Task1.csproj", "{C6C2F29A-B583-40C7-BC22-574EE36F5C8E}"
EndProject
Global
	GlobalSection(SolutionConfigurationPlatforms) = preSolution
		Debug|Any CPU = Debug|Any CPU
		Release|Any CPU = Release|Any CPU
	EndGlobalSection
	GlobalSection(ProjectConfigurationPlatforms) = postSolution
		{C6C2F29A-B583-40C7-BC22-574EE36F5C8E}.Debug|Any CPU.ActiveCfg = Debug|Any CPU
		{C6C2F29A-B583-40C7-BC22-574EE36F5C8E}.Debug|Any CPU.Build.0 = Debug|Any CPU
		{C6C2F29A-B583-40C7-BC22-574EE36F5C8E}.Release|Any CPU.ActiveCfg = Release|Any CPU
		{C6C2F29A-B583-40C7-BC22-574EE36F5C8E}.Release|Any CPU.Build.0 = Release|Any CPU
	EndGlobalSection
	GlobalSection(SolutionProperties) = preSolution
		HideSolutionNode = FALSE
	EndGlobalSection
	GlobalSection(ExtensibilityGlobals) = postSolution
		SolutionGuid = {66369BD3-0EF3-440B-8B30-DF2BE96FE898}
	EndGlobalSection
EndGlobal
